
Microsoft Visual Studio Solution File, Format Version 12.00
# Visual Studio Version 16
VisualStudioVersion = 16.0.29102.190
MinimumVisualStudioVersion = 10.0.40219.1
Project("{FAE04EC0-301F-11D3-BF4B-00C04F79EFBC}") = "Azure.Queue.Basic", "Azure.Queue.Basic\Azure.Queue.Basic.csproj", "{65CDFBCC-0DCF-4B85-9974-E4C3D7033D26}"
EndProject
Global
	GlobalSection(SolutionConfigurationPlatforms) = preSolution
		Debug|Any CPU = Debug|Any CPU
		Release|Any CPU = Release|Any CPU
	EndGlobalSection
	GlobalSection(ProjectConfigurationPlatforms) = postSolution
		{65CDFBCC-0DCF-4B85-9974-E4C3D7033D26}.Debug|Any CPU.ActiveCfg = Debug|Any CPU
		{65CDFBCC-0DCF-4B85-9974-E4C3D7033D26}.Debug|Any CPU.Build.0 = Debug|Any CPU
		{65CDFBCC-0DCF-4B85-9974-E4C3D7033D26}.Release|Any CPU.ActiveCfg = Release|Any CPU
		{65CDFBCC-0DCF-4B85-9974-E4C3D7033D26}.Release|Any CPU.Build.0 = Release|Any CPU
	EndGlobalSection
	GlobalSection(SolutionProperties) = preSolution
		HideSolutionNode = FALSE
	EndGlobalSection
	GlobalSection(ExtensibilityGlobals) = postSolution
		SolutionGuid = {A43B25C9-ADAE-45D6-80D5-55F2DEE40C70}
	EndGlobalSection
EndGlobal
